
Microsoft Visual Studio Solution File, Format Version 12.00
# Visual Studio 14
VisualStudioVersion = 14.0.23107.0
MinimumVisualStudioVersion = 10.0.40219.1
Project("{2150E333-8FDC-42A3-9474-1A3956D46DE8}") = "Chapter2", "Chapter2", "{6A4B0FC3-055F-4C63-B91E-5A1C3AFDDA64}"
EndProject
Project("{8BC9CEB8-8B4A-11D0-8D11-00A0C91BC942}") = "ExerciseSection2.3.2", "Chapter2\ExerciseSection2.3.2\ExerciseSection2.3.2.vcxproj", "{225691CB-440E-4696-BBC4-BDE3D1481CFB}"
EndProject
Project("{8BC9CEB8-8B4A-11D0-8D11-00A0C91BC942}") = "ExerciseSection2.4.2", "Chapter2\ExerciseSection2.4.2\ExerciseSection2.4.2.vcxproj", "{F5BA727D-0A4C-4326-BCDA-F01588882A24}"
EndProject
Project("{8BC9CEB8-8B4A-11D0-8D11-00A0C91BC942}") = "ExerciseSection2.4.3", "Chapter2\ExerciseSection2.4.3\ExerciseSection2.4.3.vcxproj", "{8D37D906-F0E8-4443-80BC-5C7C1CE94CEA}"
EndProject
Project("{8BC9CEB8-8B4A-11D0-8D11-00A0C91BC942}") = "ExerciseSection2.4.4", "Chapter2\ExerciseSection2.4.4\ExerciseSection2.4.4.vcxproj", "{550BA1DD-9F2C-428A-9ED6-796542229792}"
EndProject
Project("{8BC9CEB8-8B4A-11D0-8D11-00A0C91BC942}") = "ExerciseSection2.5.2", "Chapter2\ExerciseSection2.5.2\ExerciseSection2.5.2.vcxproj", "{F3A3CA02-859A-41E7-856D-FD0BEC12D35B}"
EndProject
Project("{8BC9CEB8-8B4A-11D0-8D11-00A0C91BC942}") = "ExerciseSection2.5.3", "Chapter2\ExerciseSection2.5.3\ExerciseSection2.5.3.vcxproj", "{06977AB9-3FCD-4BAF-969D-8F1D6B318448}"
EndProject
Project("{2150E333-8FDC-42A3-9474-1A3956D46DE8}") = "Chapter3", "Chapter3", "{5EE32BA2-BB2D-4088-A8CC-EFB8B47E2D3A}"
EndProject
Project("{8BC9CEB8-8B4A-11D0-8D11-00A0C91BC942}") = "ExerciseSection3.2.3", "Chapter3\ExerciseSection3.2.3\ExerciseSection3.2.3.vcxproj", "{A6B67CE0-B47F-4ABE-88DD-2EC7A7F17AF0}"
EndProject
Project("{8BC9CEB8-8B4A-11D0-8D11-00A0C91BC942}") = "ExerciseSection3.3.1", "Chapter3\ExerciseSection3.3.1\ExerciseSection3.3.1.vcxproj", "{42A4F254-C682-4FA4-86D4-8E6E413F7808}"
EndProject
Project("{8BC9CEB8-8B4A-11D0-8D11-00A0C91BC942}") = "ExerciseSection3.3.2", "Chapter3\ExerciseSection3.3.2\ExerciseSection3.3.2.vcxproj", "{1E6A6E63-2245-467B-A372-9BD2E81E09CD}"
EndProject
Project("{8BC9CEB8-8B4A-11D0-8D11-00A0C91BC942}") = "ExerciseSection3.3.3", "Chapter3\ExerciseSection3.3.3\ExerciseSection3.3.3.vcxproj", "{D3395CD0-3CF6-433C-B1E6-A7117E2DF237}"
EndProject
Project("{8BC9CEB8-8B4A-11D0-8D11-00A0C91BC942}") = "ExerciseSection3.4.1", "Chapter3\ExerciseSection3.4.1\ExerciseSection3.4.1.vcxproj", "{CE51B6CE-5743-4BA2-8BDD-DF18F1575715}"
EndProject
Project("{8BC9CEB8-8B4A-11D0-8D11-00A0C91BC942}") = "ExerciseSection3.4.2", "Chapter3\ExerciseSection3.4.2\ExerciseSection3.4.2.vcxproj", "{A845F556-A6C5-4016-93E6-43824B9CBE31}"
EndProject
Project("{8BC9CEB8-8B4A-11D0-8D11-00A0C91BC942}") = "ExerciseSection3.5.1", "Chapter3\ExerciseSection3.5.1\ExerciseSection3.5.1.vcxproj", "{711BAC1C-9FFB-4AED-9BF8-2FDDBB0EDA03}"
EndProject
Project("{8BC9CEB8-8B4A-11D0-8D11-00A0C91BC942}") = "ExerciseSection3.5.2", "Chapter3\ExerciseSection3.5.2\ExerciseSection3.5.2.vcxproj", "{6F27EE6F-D468-434D-8AAA-CC0AF9150B27}"
EndProject
Project("{8BC9CEB8-8B4A-11D0-8D11-00A0C91BC942}") = "ExerciseSection3.5.3", "Chapter3\ExerciseSection3.5.3\ExerciseSection3.5.3.vcxproj", "{A4DF6451-6199-41D0-949C-2BDAA87610A7}"
EndProject
Project("{8BC9CEB8-8B4A-11D0-8D11-00A0C91BC942}") = "ExerciseSection3.5.4", "Chapter3\ExerciseSection3.5.4\ExerciseSection3.5.4.vcxproj", "{F31F90D8-DF67-4FAB-A9A5-A5506E1A68AD}"
EndProject
Project("{8BC9CEB8-8B4A-11D0-8D11-00A0C91BC942}") = "ExerciseSection3.5.5", "Chapter3\ExerciseSection3.5.5\ExerciseSection3.5.5.vcxproj", "{5B8DABE1-3BD3-4775-A907-9F04EAF07D37}"
EndProject
Project("{8BC9CEB8-8B4A-11D0-8D11-00A0C91BC942}") = "ExerciseSection3.6", "Chapter3\ExerciseSection3.6\ExerciseSection3.6.vcxproj", "{E90331BF-3BFC-427E-9E65-DDA18FF30623}"
EndProject
Project("{2150E333-8FDC-42A3-9474-1A3956D46DE8}") = "Chapter4", "Chapter4", "{825035F1-3EDB-4786-8FE5-851105F4516F}"
EndProject
Project("{8BC9CEB8-8B4A-11D0-8D11-00A0C91BC942}") = "ExerciseSection4.1.2", "Chapter4\ExerciseSection4.1.2\ExerciseSection4.1.2.vcxproj", "{1721CFF3-AD8E-4A26-9D1C-FA659D4DE93E}"
EndProject
Project("{8BC9CEB8-8B4A-11D0-8D11-00A0C91BC942}") = "ExerciseSection4.2", "Chapter4\ExerciseSection4.2\ExerciseSection4.2.vcxproj", "{F25B42E4-C9ED-4ACA-8880-7EFEB3AE77C1}"
EndProject
Project("{8BC9CEB8-8B4A-11D0-8D11-00A0C91BC942}") = "ExerciseSection4.3", "Chapter4\ExerciseSection4.3\ExerciseSection4.3.vcxproj", "{6C5BD087-5A33-46BA-B3CD-06A7A8E72EC8}"
EndProject
Project("{8BC9CEB8-8B4A-11D0-8D11-00A0C91BC942}") = "ExerciseSection4.4", "Chapter4\ExerciseSection4.4\ExerciseSection4.4.vcxproj", "{7E42F589-2855-40A3-A54A-38F7F8828BCF}"
EndProject
Project("{8BC9CEB8-8B4A-11D0-8D11-00A0C91BC942}") = "ExerciseSection4.5", "Chapter4\ExerciseSection4.5\ExerciseSection4.5.vcxproj", "{EBB92616-392D-4A43-90E9-BDC8ED4585AB}"
EndProject
Project("{8BC9CEB8-8B4A-11D0-8D11-00A0C91BC942}") = "ExerciseSection4.6", "Chapter4\ExerciseSection4.6\ExerciseSection4.6.vcxproj", "{37AEC23F-5DFC-46A9-AD29-32422BC5C33A}"
EndProject
Project("{8BC9CEB8-8B4A-11D0-8D11-00A0C91BC942}") = "ExerciseSection4.7", "Chapter4\ExerciseSection4.7\ExerciseSection4.7.vcxproj", "{F2565C68-19BC-49F6-A79C-191C63D0D384}"
EndProject
Project("{8BC9CEB8-8B4A-11D0-8D11-00A0C91BC942}") = "ExerciseSection4.10", "Chapter4\ExerciseSection4.10\ExerciseSection4.10.vcxproj", "{AF81AF9E-8769-4DE5-BD76-A881E10A6F26}"
EndProject
Project("{8BC9CEB8-8B4A-11D0-8D11-00A0C91BC942}") = "ExerciseSection4.11.1", "Chapter4\ExerciseSection4.11.1\ExerciseSection4.11.1.vcxproj", "{9129DB6F-0DDA-4E59-AB94-9DBDE2C16FE6}"
EndProject
Project("{8BC9CEB8-8B4A-11D0-8D11-00A0C91BC942}") = "ExerciseSection4.11.3", "Chapter4\ExerciseSection4.11.3\ExerciseSection4.11.3.vcxproj", "{0F7B4F02-DD53-4A4A-BE93-01FFC63B9BCF}"
EndProject
Project("{8BC9CEB8-8B4A-11D0-8D11-00A0C91BC942}") = "ExerciseSection4.8", "Chapter4\ExerciseSection4.8\ExerciseSection4.8.vcxproj", "{C46C266A-8E06-4EDA-A79B-A3AFCC984EC6}"
EndProject
Project("{8BC9CEB8-8B4A-11D0-8D11-00A0C91BC942}") = "ExerciseSection4.9", "Chapter4\ExerciseSection4.9\ExerciseSection4.9.vcxproj", "{A47329B4-2616-416E-84D1-AD704D37F6D1}"
EndProject
Global
	GlobalSection(SolutionConfigurationPlatforms) = preSolution
		Debug|x64 = Debug|x64
		Debug|x86 = Debug|x86
		Release|x64 = Release|x64
		Release|x86 = Release|x86
	EndGlobalSection
	GlobalSection(ProjectConfigurationPlatforms) = postSolution
		{225691CB-440E-4696-BBC4-BDE3D1481CFB}.Debug|x64.ActiveCfg = Debug|x64
		{225691CB-440E-4696-BBC4-BDE3D1481CFB}.Debug|x64.Build.0 = Debug|x64
		{225691CB-440E-4696-BBC4-BDE3D1481CFB}.Debug|x86.ActiveCfg = Debug|Win32
		{225691CB-440E-4696-BBC4-BDE3D1481CFB}.Release|x64.ActiveCfg = Release|x64
		{225691CB-440E-4696-BBC4-BDE3D1481CFB}.Release|x64.Build.0 = Release|x64
		{225691CB-440E-4696-BBC4-BDE3D1481CFB}.Release|x86.ActiveCfg = Release|Win32
		{225691CB-440E-4696-BBC4-BDE3D1481CFB}.Release|x86.Build.0 = Release|Win32
		{F5BA727D-0A4C-4326-BCDA-F01588882A24}.Debug|x64.ActiveCfg = Debug|x64
		{F5BA727D-0A4C-4326-BCDA-F01588882A24}.Debug|x64.Build.0 = Debug|x64
		{F5BA727D-0A4C-4326-BCDA-F01588882A24}.Debug|x86.ActiveCfg = Debug|Win32
		{F5BA727D-0A4C-4326-BCDA-F01588882A24}.Release|x64.ActiveCfg = Release|x64
		{F5BA727D-0A4C-4326-BCDA-F01588882A24}.Release|x64.Build.0 = Release|x64
		{F5BA727D-0A4C-4326-BCDA-F01588882A24}.Release|x86.ActiveCfg = Release|Win32
		{F5BA727D-0A4C-4326-BCDA-F01588882A24}.Release|x86.Build.0 = Release|Win32
		{8D37D906-F0E8-4443-80BC-5C7C1CE94CEA}.Debug|x64.ActiveCfg = Debug|x64
		{8D37D906-F0E8-4443-80BC-5C7C1CE94CEA}.Debug|x64.Build.0 = Debug|x64
		{8D37D906-F0E8-4443-80BC-5C7C1CE94CEA}.Debug|x86.ActiveCfg = Debug|Win32
		{8D37D906-F0E8-4443-80BC-5C7C1CE94CEA}.Release|x64.ActiveCfg = Release|x64
		{8D37D906-F0E8-4443-80BC-5C7C1CE94CEA}.Release|x64.Build.0 = Release|x64
		{8D37D906-F0E8-4443-80BC-5C7C1CE94CEA}.Release|x86.ActiveCfg = Release|Win32
		{8D37D906-F0E8-4443-80BC-5C7C1CE94CEA}.Release|x86.Build.0 = Release|Win32
		{550BA1DD-9F2C-428A-9ED6-796542229792}.Debug|x64.ActiveCfg = Debug|x64
		{550BA1DD-9F2C-428A-9ED6-796542229792}.Debug|x64.Build.0 = Debug|x64
		{550BA1DD-9F2C-428A-9ED6-796542229792}.Debug|x86.ActiveCfg = Debug|Win32
		{550BA1DD-9F2C-428A-9ED6-796542229792}.Release|x64.ActiveCfg = Release|x64
		{550BA1DD-9F2C-428A-9ED6-796542229792}.Release|x64.Build.0 = Release|x64
		{550BA1DD-9F2C-428A-9ED6-796542229792}.Release|x86.ActiveCfg = Release|Win32
		{550BA1DD-9F2C-428A-9ED6-796542229792}.Release|x86.Build.0 = Release|Win32
		{F3A3CA02-859A-41E7-856D-FD0BEC12D35B}.Debug|x64.ActiveCfg = Debug|x64
		{F3A3CA02-859A-41E7-856D-FD0BEC12D35B}.Debug|x64.Build.0 = Debug|x64
		{F3A3CA02-859A-41E7-856D-FD0BEC12D35B}.Debug|x86.ActiveCfg = Debug|Win32
		{F3A3CA02-859A-41E7-856D-FD0BEC12D35B}.Release|x64.ActiveCfg = Release|x64
		{F3A3CA02-859A-41E7-856D-FD0BEC12D35B}.Release|x64.Build.0 = Release|x64
		{F3A3CA02-859A-41E7-856D-FD0BEC12D35B}.Release|x86.ActiveCfg = Release|Win32
		{F3A3CA02-859A-41E7-856D-FD0BEC12D35B}.Release|x86.Build.0 = Release|Win32
		{06977AB9-3FCD-4BAF-969D-8F1D6B318448}.Debug|x64.ActiveCfg = Debug|x64
		{06977AB9-3FCD-4BAF-969D-8F1D6B318448}.Debug|x64.Build.0 = Debug|x64
		{06977AB9-3FCD-4BAF-969D-8F1D6B318448}.Debug|x86.ActiveCfg = Debug|Win32
		{06977AB9-3FCD-4BAF-969D-8F1D6B318448}.Release|x64.ActiveCfg = Release|x64
		{06977AB9-3FCD-4BAF-969D-8F1D6B318448}.Release|x64.Build.0 = Release|x64
		{06977AB9-3FCD-4BAF-969D-8F1D6B318448}.Release|x86.ActiveCfg = Release|Win32
		{06977AB9-3FCD-4BAF-969D-8F1D6B318448}.Release|x86.Build.0 = Release|Win32
		{A6B67CE0-B47F-4ABE-88DD-2EC7A7F17AF0}.Debug|x64.ActiveCfg = Debug|x64
		{A6B67CE0-B47F-4ABE-88DD-2EC7A7F17AF0}.Debug|x64.Build.0 = Debug|x64
		{A6B67CE0-B47F-4ABE-88DD-2EC7A7F17AF0}.Debug|x86.ActiveCfg = Debug|Win32
		{A6B67CE0-B47F-4ABE-88DD-2EC7A7F17AF0}.Release|x64.ActiveCfg = Release|x64
		{A6B67CE0-B47F-4ABE-88DD-2EC7A7F17AF0}.Release|x64.Build.0 = Release|x64
		{A6B67CE0-B47F-4ABE-88DD-2EC7A7F17AF0}.Release|x86.ActiveCfg = Release|Win32
		{A6B67CE0-B47F-4ABE-88DD-2EC7A7F17AF0}.Release|x86.Build.0 = Release|Win32
		{42A4F254-C682-4FA4-86D4-8E6E413F7808}.Debug|x64.ActiveCfg = Debug|x64
		{42A4F254-C682-4FA4-86D4-8E6E413F7808}.Debug|x64.Build.0 = Debug|x64
		{42A4F254-C682-4FA4-86D4-8E6E413F7808}.Debug|x86.ActiveCfg = Debug|Win32
		{42A4F254-C682-4FA4-86D4-8E6E413F7808}.Release|x64.ActiveCfg = Release|x64
		{42A4F254-C682-4FA4-86D4-8E6E413F7808}.Release|x64.Build.0 = Release|x64
		{42A4F254-C682-4FA4-86D4-8E6E413F7808}.Release|x86.ActiveCfg = Release|Win32
		{42A4F254-C682-4FA4-86D4-8E6E413F7808}.Release|x86.Build.0 = Release|Win32
		{1E6A6E63-2245-467B-A372-9BD2E81E09CD}.Debug|x64.ActiveCfg = Debug|x64
		{1E6A6E63-2245-467B-A372-9BD2E81E09CD}.Debug|x64.Build.0 = Debug|x64
		{1E6A6E63-2245-467B-A372-9BD2E81E09CD}.Debug|x86.ActiveCfg = Debug|Win32
		{1E6A6E63-2245-467B-A372-9BD2E81E09CD}.Release|x64.ActiveCfg = Release|x64
		{1E6A6E63-2245-467B-A372-9BD2E81E09CD}.Release|x64.Build.0 = Release|x64
		{1E6A6E63-2245-467B-A372-9BD2E81E09CD}.Release|x86.ActiveCfg = Release|Win32
		{1E6A6E63-2245-467B-A372-9BD2E81E09CD}.Release|x86.Build.0 = Release|Win32
		{D3395CD0-3CF6-433C-B1E6-A7117E2DF237}.Debug|x64.ActiveCfg = Debug|x64
		{D3395CD0-3CF6-433C-B1E6-A7117E2DF237}.Debug|x64.Build.0 = Debug|x64
		{D3395CD0-3CF6-433C-B1E6-A7117E2DF237}.Debug|x86.ActiveCfg = Debug|Win32
		{D3395CD0-3CF6-433C-B1E6-A7117E2DF237}.Release|x64.ActiveCfg = Release|x64
		{D3395CD0-3CF6-433C-B1E6-A7117E2DF237}.Release|x64.Build.0 = Release|x64
		{D3395CD0-3CF6-433C-B1E6-A7117E2DF237}.Release|x86.ActiveCfg = Release|Win32
		{D3395CD0-3CF6-433C-B1E6-A7117E2DF237}.Release|x86.Build.0 = Release|Win32
		{CE51B6CE-5743-4BA2-8BDD-DF18F1575715}.Debug|x64.ActiveCfg = Debug|x64
		{CE51B6CE-5743-4BA2-8BDD-DF18F1575715}.Debug|x64.Build.0 = Debug|x64
		{CE51B6CE-5743-4BA2-8BDD-DF18F1575715}.Debug|x86.ActiveCfg = Debug|Win32
		{CE51B6CE-5743-4BA2-8BDD-DF18F1575715}.Release|x64.ActiveCfg = Release|x64
		{CE51B6CE-5743-4BA2-8BDD-DF18F1575715}.Release|x64.Build.0 = Release|x64
		{CE51B6CE-5743-4BA2-8BDD-DF18F1575715}.Release|x86.ActiveCfg = Release|Win32
		{CE51B6CE-5743-4BA2-8BDD-DF18F1575715}.Release|x86.Build.0 = Release|Win32
		{A845F556-A6C5-4016-93E6-43824B9CBE31}.Debug|x64.ActiveCfg = Debug|x64
		{A845F556-A6C5-4016-93E6-43824B9CBE31}.Debug|x64.Build.0 = Debug|x64
		{A845F556-A6C5-4016-93E6-43824B9CBE31}.Debug|x86.ActiveCfg = Debug|Win32
		{A845F556-A6C5-4016-93E6-43824B9CBE31}.Release|x64.ActiveCfg = Release|x64
		{A845F556-A6C5-4016-93E6-43824B9CBE31}.Release|x64.Build.0 = Release|x64
		{A845F556-A6C5-4016-93E6-43824B9CBE31}.Release|x86.ActiveCfg = Release|Win32
		{A845F556-A6C5-4016-93E6-43824B9CBE31}.Release|x86.Build.0 = Release|Win32
		{711BAC1C-9FFB-4AED-9BF8-2FDDBB0EDA03}.Debug|x64.ActiveCfg = Debug|x64
		{711BAC1C-9FFB-4AED-9BF8-2FDDBB0EDA03}.Debug|x64.Build.0 = Debug|x64
		{711BAC1C-9FFB-4AED-9BF8-2FDDBB0EDA03}.Debug|x86.ActiveCfg = Debug|Win32
		{711BAC1C-9FFB-4AED-9BF8-2FDDBB0EDA03}.Release|x64.ActiveCfg = Release|x64
		{711BAC1C-9FFB-4AED-9BF8-2FDDBB0EDA03}.Release|x64.Build.0 = Release|x64
		{711BAC1C-9FFB-4AED-9BF8-2FDDBB0EDA03}.Release|x86.ActiveCfg = Release|Win32
		{711BAC1C-9FFB-4AED-9BF8-2FDDBB0EDA03}.Release|x86.Build.0 = Release|Win32
		{6F27EE6F-D468-434D-8AAA-CC0AF9150B27}.Debug|x64.ActiveCfg = Debug|x64
		{6F27EE6F-D468-434D-8AAA-CC0AF9150B27}.Debug|x64.Build.0 = Debug|x64
		{6F27EE6F-D468-434D-8AAA-CC0AF9150B27}.Debug|x86.ActiveCfg = Debug|Win32
		{6F27EE6F-D468-434D-8AAA-CC0AF9150B27}.Release|x64.ActiveCfg = Release|x64
		{6F27EE6F-D468-434D-8AAA-CC0AF9150B27}.Release|x64.Build.0 = Release|x64
		{6F27EE6F-D468-434D-8AAA-CC0AF9150B27}.Release|x86.ActiveCfg = Release|Win32
		{6F27EE6F-D468-434D-8AAA-CC0AF9150B27}.Release|x86.Build.0 = Release|Win32
		{A4DF6451-6199-41D0-949C-2BDAA87610A7}.Debug|x64.ActiveCfg = Debug|x64
		{A4DF6451-6199-41D0-949C-2BDAA87610A7}.Debug|x64.Build.0 = Debug|x64
		{A4DF6451-6199-41D0-949C-2BDAA87610A7}.Debug|x86.ActiveCfg = Debug|Win32
		{A4DF6451-6199-41D0-949C-2BDAA87610A7}.Release|x64.ActiveCfg = Release|x64
		{A4DF6451-6199-41D0-949C-2BDAA87610A7}.Release|x64.Build.0 = Release|x64
		{A4DF6451-6199-41D0-949C-2BDAA87610A7}.Release|x86.ActiveCfg = Release|Win32
		{A4DF6451-6199-41D0-949C-2BDAA87610A7}.Release|x86.Build.0 = Release|Win32
		{F31F90D8-DF67-4FAB-A9A5-A5506E1A68AD}.Debug|x64.ActiveCfg = Debug|x64
		{F31F90D8-DF67-4FAB-A9A5-A5506E1A68AD}.Debug|x64.Build.0 = Debug|x64
		{F31F90D8-DF67-4FAB-A9A5-A5506E1A68AD}.Debug|x86.ActiveCfg = Debug|Win32
		{F31F90D8-DF67-4FAB-A9A5-A5506E1A68AD}.Release|x64.ActiveCfg = Release|x64
		{F31F90D8-DF67-4FAB-A9A5-A5506E1A68AD}.Release|x64.Build.0 = Release|x64
		{F31F90D8-DF67-4FAB-A9A5-A5506E1A68AD}.Release|x86.ActiveCfg = Release|Win32
		{F31F90D8-DF67-4FAB-A9A5-A5506E1A68AD}.Release|x86.Build.0 = Release|Win32
		{5B8DABE1-3BD3-4775-A907-9F04EAF07D37}.Debug|x64.ActiveCfg = Debug|x64
		{5B8DABE1-3BD3-4775-A907-9F04EAF07D37}.Debug|x64.Build.0 = Debug|x64
		{5B8DABE1-3BD3-4775-A907-9F04EAF07D37}.Debug|x86.ActiveCfg = Debug|Win32
		{5B8DABE1-3BD3-4775-A907-9F04EAF07D37}.Release|x64.ActiveCfg = Release|x64
		{5B8DABE1-3BD3-4775-A907-9F04EAF07D37}.Release|x64.Build.0 = Release|x64
		{5B8DABE1-3BD3-4775-A907-9F04EAF07D37}.Release|x86.ActiveCfg = Release|Win32
		{5B8DABE1-3BD3-4775-A907-9F04EAF07D37}.Release|x86.Build.0 = Release|Win32
		{E90331BF-3BFC-427E-9E65-DDA18FF30623}.Debug|x64.ActiveCfg = Debug|x64
		{E90331BF-3BFC-427E-9E65-DDA18FF30623}.Debug|x64.Build.0 = Debug|x64
		{E90331BF-3BFC-427E-9E65-DDA18FF30623}.Debug|x86.ActiveCfg = Debug|Win32
		{E90331BF-3BFC-427E-9E65-DDA18FF30623}.Release|x64.ActiveCfg = Release|x64
		{E90331BF-3BFC-427E-9E65-DDA18FF30623}.Release|x64.Build.0 = Release|x64
		{E90331BF-3BFC-427E-9E65-DDA18FF30623}.Release|x86.ActiveCfg = Release|Win32
		{E90331BF-3BFC-427E-9E65-DDA18FF30623}.Release|x86.Build.0 = Release|Win32
		{1721CFF3-AD8E-4A26-9D1C-FA659D4DE93E}.Debug|x64.ActiveCfg = Debug|x64
		{1721CFF3-AD8E-4A26-9D1C-FA659D4DE93E}.Debug|x64.Build.0 = Debug|x64
		{1721CFF3-AD8E-4A26-9D1C-FA659D4DE93E}.Debug|x86.ActiveCfg = Debug|Win32
		{1721CFF3-AD8E-4A26-9D1C-FA659D4DE93E}.Release|x64.ActiveCfg = Release|x64
		{1721CFF3-AD8E-4A26-9D1C-FA659D4DE93E}.Release|x64.Build.0 = Release|x64
		{1721CFF3-AD8E-4A26-9D1C-FA659D4DE93E}.Release|x86.ActiveCfg = Release|Win32
		{1721CFF3-AD8E-4A26-9D1C-FA659D4DE93E}.Release|x86.Build.0 = Release|Win32
		{F25B42E4-C9ED-4ACA-8880-7EFEB3AE77C1}.Debug|x64.ActiveCfg = Debug|x64
		{F25B42E4-C9ED-4ACA-8880-7EFEB3AE77C1}.Debug|x64.Build.0 = Debug|x64
		{F25B42E4-C9ED-4ACA-8880-7EFEB3AE77C1}.Debug|x86.ActiveCfg = Debug|Win32
		{F25B42E4-C9ED-4ACA-8880-7EFEB3AE77C1}.Release|x64.ActiveCfg = Release|x64
		{F25B42E4-C9ED-4ACA-8880-7EFEB3AE77C1}.Release|x64.Build.0 = Release|x64
		{F25B42E4-C9ED-4ACA-8880-7EFEB3AE77C1}.Release|x86.ActiveCfg = Release|Win32
		{F25B42E4-C9ED-4ACA-8880-7EFEB3AE77C1}.Release|x86.Build.0 = Release|Win32
		{6C5BD087-5A33-46BA-B3CD-06A7A8E72EC8}.Debug|x64.ActiveCfg = Debug|x64
		{6C5BD087-5A33-46BA-B3CD-06A7A8E72EC8}.Debug|x64.Build.0 = Debug|x64
		{6C5BD087-5A33-46BA-B3CD-06A7A8E72EC8}.Debug|x86.ActiveCfg = Debug|Win32
		{6C5BD087-5A33-46BA-B3CD-06A7A8E72EC8}.Release|x64.ActiveCfg = Release|x64
		{6C5BD087-5A33-46BA-B3CD-06A7A8E72EC8}.Release|x64.Build.0 = Release|x64
		{6C5BD087-5A33-46BA-B3CD-06A7A8E72EC8}.Release|x86.ActiveCfg = Release|Win32
		{6C5BD087-5A33-46BA-B3CD-06A7A8E72EC8}.Release|x86.Build.0 = Release|Win32
		{7E42F589-2855-40A3-A54A-38F7F8828BCF}.Debug|x64.ActiveCfg = Debug|x64
		{7E42F589-2855-40A3-A54A-38F7F8828BCF}.Debug|x64.Build.0 = Debug|x64
		{7E42F589-2855-40A3-A54A-38F7F8828BCF}.Debug|x86.ActiveCfg = Debug|Win32
		{7E42F589-2855-40A3-A54A-38F7F8828BCF}.Release|x64.ActiveCfg = Release|x64
		{7E42F589-2855-40A3-A54A-38F7F8828BCF}.Release|x64.Build.0 = Release|x64
		{7E42F589-2855-40A3-A54A-38F7F8828BCF}.Release|x86.ActiveCfg = Release|Win32
		{7E42F589-2855-40A3-A54A-38F7F8828BCF}.Release|x86.Build.0 = Release|Win32
		{EBB92616-392D-4A43-90E9-BDC8ED4585AB}.Debug|x64.ActiveCfg = Debug|x64
		{EBB92616-392D-4A43-90E9-BDC8ED4585AB}.Debug|x64.Build.0 = Debug|x64
		{EBB92616-392D-4A43-90E9-BDC8ED4585AB}.Debug|x86.ActiveCfg = Debug|Win32
		{EBB92616-392D-4A43-90E9-BDC8ED4585AB}.Release|x64.ActiveCfg = Release|x64
		{EBB92616-392D-4A43-90E9-BDC8ED4585AB}.Release|x64.Build.0 = Release|x64
		{EBB92616-392D-4A43-90E9-BDC8ED4585AB}.Release|x86.ActiveCfg = Release|Win32
		{EBB92616-392D-4A43-90E9-BDC8ED4585AB}.Release|x86.Build.0 = Release|Win32
		{37AEC23F-5DFC-46A9-AD29-32422BC5C33A}.Debug|x64.ActiveCfg = Debug|x64
		{37AEC23F-5DFC-46A9-AD29-32422BC5C33A}.Debug|x64.Build.0 = Debug|x64
		{37AEC23F-5DFC-46A9-AD29-32422BC5C33A}.Debug|x86.ActiveCfg = Debug|Win32
		{37AEC23F-5DFC-46A9-AD29-32422BC5C33A}.Release|x64.ActiveCfg = Release|x64
		{37AEC23F-5DFC-46A9-AD29-32422BC5C33A}.Release|x64.Build.0 = Release|x64
		{37AEC23F-5DFC-46A9-AD29-32422BC5C33A}.Release|x86.ActiveCfg = Release|Win32
		{37AEC23F-5DFC-46A9-AD29-32422BC5C33A}.Release|x86.Build.0 = Release|Win32
		{F2565C68-19BC-49F6-A79C-191C63D0D384}.Debug|x64.ActiveCfg = Debug|x64
		{F2565C68-19BC-49F6-A79C-191C63D0D384}.Debug|x64.Build.0 = Debug|x64
		{F2565C68-19BC-49F6-A79C-191C63D0D384}.Debug|x86.ActiveCfg = Debug|Win32
		{F2565C68-19BC-49F6-A79C-191C63D0D384}.Release|x64.ActiveCfg = Release|x64
		{F2565C68-19BC-49F6-A79C-191C63D0D384}.Release|x64.Build.0 = Release|x64
		{F2565C68-19BC-49F6-A79C-191C63D0D384}.Release|x86.ActiveCfg = Release|Win32
		{F2565C68-19BC-49F6-A79C-191C63D0D384}.Release|x86.Build.0 = Release|Win32
		{AF81AF9E-8769-4DE5-BD76-A881E10A6F26}.Debug|x64.ActiveCfg = Debug|x64
		{AF81AF9E-8769-4DE5-BD76-A881E10A6F26}.Debug|x64.Build.0 = Debug|x64
		{AF81AF9E-8769-4DE5-BD76-A881E10A6F26}.Debug|x86.ActiveCfg = Debug|Win32
		{AF81AF9E-8769-4DE5-BD76-A881E10A6F26}.Release|x64.ActiveCfg = Release|x64
		{AF81AF9E-8769-4DE5-BD76-A881E10A6F26}.Release|x64.Build.0 = Release|x64
		{AF81AF9E-8769-4DE5-BD76-A881E10A6F26}.Release|x86.ActiveCfg = Release|Win32
		{AF81AF9E-8769-4DE5-BD76-A881E10A6F26}.Release|x86.Build.0 = Release|Win32
		{9129DB6F-0DDA-4E59-AB94-9DBDE2C16FE6}.Debug|x64.ActiveCfg = Debug|x64
		{9129DB6F-0DDA-4E59-AB94-9DBDE2C16FE6}.Debug|x64.Build.0 = Debug|x64
		{9129DB6F-0DDA-4E59-AB94-9DBDE2C16FE6}.Debug|x86.ActiveCfg = Debug|Win32
		{9129DB6F-0DDA-4E59-AB94-9DBDE2C16FE6}.Release|x64.ActiveCfg = Release|x64
		{9129DB6F-0DDA-4E59-AB94-9DBDE2C16FE6}.Release|x64.Build.0 = Release|x64
		{9129DB6F-0DDA-4E59-AB94-9DBDE2C16FE6}.Release|x86.ActiveCfg = Release|Win32
		{9129DB6F-0DDA-4E59-AB94-9DBDE2C16FE6}.Release|x86.Build.0 = Release|Win32
		{0F7B4F02-DD53-4A4A-BE93-01FFC63B9BCF}.Debug|x64.ActiveCfg = Debug|x64
		{0F7B4F02-DD53-4A4A-BE93-01FFC63B9BCF}.Debug|x64.Build.0 = Debug|x64
		{0F7B4F02-DD53-4A4A-BE93-01FFC63B9BCF}.Debug|x86.ActiveCfg = Debug|Win32
		{0F7B4F02-DD53-4A4A-BE93-01FFC63B9BCF}.Debug|x86.Build.0 = Debug|Win32
		{0F7B4F02-DD53-4A4A-BE93-01FFC63B9BCF}.Release|x64.ActiveCfg = Release|x64
		{0F7B4F02-DD53-4A4A-BE93-01FFC63B9BCF}.Release|x64.Build.0 = Release|x64
		{0F7B4F02-DD53-4A4A-BE93-01FFC63B9BCF}.Release|x86.ActiveCfg = Release|Win32
		{0F7B4F02-DD53-4A4A-BE93-01FFC63B9BCF}.Release|x86.Build.0 = Release|Win32
		{C46C266A-8E06-4EDA-A79B-A3AFCC984EC6}.Debug|x64.ActiveCfg = Debug|x64
		{C46C266A-8E06-4EDA-A79B-A3AFCC984EC6}.Debug|x64.Build.0 = Debug|x64
		{C46C266A-8E06-4EDA-A79B-A3AFCC984EC6}.Debug|x86.ActiveCfg = Debug|Win32
		{C46C266A-8E06-4EDA-A79B-A3AFCC984EC6}.Release|x64.ActiveCfg = Release|x64
		{C46C266A-8E06-4EDA-A79B-A3AFCC984EC6}.Release|x64.Build.0 = Release|x64
		{C46C266A-8E06-4EDA-A79B-A3AFCC984EC6}.Release|x86.ActiveCfg = Release|Win32
		{C46C266A-8E06-4EDA-A79B-A3AFCC984EC6}.Release|x86.Build.0 = Release|Win32
		{A47329B4-2616-416E-84D1-AD704D37F6D1}.Debug|x64.ActiveCfg = Debug|x64
		{A47329B4-2616-416E-84D1-AD704D37F6D1}.Debug|x64.Build.0 = Debug|x64
		{A47329B4-2616-416E-84D1-AD704D37F6D1}.Debug|x86.ActiveCfg = Debug|Win32
		{A47329B4-2616-416E-84D1-AD704D37F6D1}.Release|x64.ActiveCfg = Release|x64
		{A47329B4-2616-416E-84D1-AD704D37F6D1}.Release|x64.Build.0 = Release|x64
		{A47329B4-2616-416E-84D1-AD704D37F6D1}.Release|x86.ActiveCfg = Release|Win32
		{A47329B4-2616-416E-84D1-AD704D37F6D1}.Release|x86.Build.0 = Release|Win32
	EndGlobalSection
	GlobalSection(SolutionProperties) = preSolution
		HideSolutionNode = FALSE
	EndGlobalSection
	GlobalSection(NestedProjects) = preSolution
		{225691CB-440E-4696-BBC4-BDE3D1481CFB} = {6A4B0FC3-055F-4C63-B91E-5A1C3AFDDA64}
		{F5BA727D-0A4C-4326-BCDA-F01588882A24} = {6A4B0FC3-055F-4C63-B91E-5A1C3AFDDA64}
		{8D37D906-F0E8-4443-80BC-5C7C1CE94CEA} = {6A4B0FC3-055F-4C63-B91E-5A1C3AFDDA64}
		{550BA1DD-9F2C-428A-9ED6-796542229792} = {6A4B0FC3-055F-4C63-B91E-5A1C3AFDDA64}
		{F3A3CA02-859A-41E7-856D-FD0BEC12D35B} = {6A4B0FC3-055F-4C63-B91E-5A1C3AFDDA64}
		{06977AB9-3FCD-4BAF-969D-8F1D6B318448} = {6A4B0FC3-055F-4C63-B91E-5A1C3AFDDA64}
		{A6B67CE0-B47F-4ABE-88DD-2EC7A7F17AF0} = {5EE32BA2-BB2D-4088-A8CC-EFB8B47E2D3A}
		{42A4F254-C682-4FA4-86D4-8E6E413F7808} = {5EE32BA2-BB2D-4088-A8CC-EFB8B47E2D3A}
		{1E6A6E63-2245-467B-A372-9BD2E81E09CD} = {5EE32BA2-BB2D-4088-A8CC-EFB8B47E2D3A}
		{D3395CD0-3CF6-433C-B1E6-A7117E2DF237} = {5EE32BA2-BB2D-4088-A8CC-EFB8B47E2D3A}
		{CE51B6CE-5743-4BA2-8BDD-DF18F1575715} = {5EE32BA2-BB2D-4088-A8CC-EFB8B47E2D3A}
		{A845F556-A6C5-4016-93E6-43824B9CBE31} = {5EE32BA2-BB2D-4088-A8CC-EFB8B47E2D3A}
		{711BAC1C-9FFB-4AED-9BF8-2FDDBB0EDA03} = {5EE32BA2-BB2D-4088-A8CC-EFB8B47E2D3A}
		{6F27EE6F-D468-434D-8AAA-CC0AF9150B27} = {5EE32BA2-BB2D-4088-A8CC-EFB8B47E2D3A}
		{A4DF6451-6199-41D0-949C-2BDAA87610A7} = {5EE32BA2-BB2D-4088-A8CC-EFB8B47E2D3A}
		{F31F90D8-DF67-4FAB-A9A5-A5506E1A68AD} = {5EE32BA2-BB2D-4088-A8CC-EFB8B47E2D3A}
		{5B8DABE1-3BD3-4775-A907-9F04EAF07D37} = {5EE32BA2-BB2D-4088-A8CC-EFB8B47E2D3A}
		{E90331BF-3BFC-427E-9E65-DDA18FF30623} = {5EE32BA2-BB2D-4088-A8CC-EFB8B47E2D3A}
		{1721CFF3-AD8E-4A26-9D1C-FA659D4DE93E} = {825035F1-3EDB-4786-8FE5-851105F4516F}
		{F25B42E4-C9ED-4ACA-8880-7EFEB3AE77C1} = {825035F1-3EDB-4786-8FE5-851105F4516F}
		{6C5BD087-5A33-46BA-B3CD-06A7A8E72EC8} = {825035F1-3EDB-4786-8FE5-851105F4516F}
		{7E42F589-2855-40A3-A54A-38F7F8828BCF} = {825035F1-3EDB-4786-8FE5-851105F4516F}
		{EBB92616-392D-4A43-90E9-BDC8ED4585AB} = {825035F1-3EDB-4786-8FE5-851105F4516F}
		{37AEC23F-5DFC-46A9-AD29-32422BC5C33A} = {825035F1-3EDB-4786-8FE5-851105F4516F}
		{F2565C68-19BC-49F6-A79C-191C63D0D384} = {825035F1-3EDB-4786-8FE5-851105F4516F}
		{AF81AF9E-8769-4DE5-BD76-A881E10A6F26} = {825035F1-3EDB-4786-8FE5-851105F4516F}
		{9129DB6F-0DDA-4E59-AB94-9DBDE2C16FE6} = {825035F1-3EDB-4786-8FE5-851105F4516F}
		{0F7B4F02-DD53-4A4A-BE93-01FFC63B9BCF} = {825035F1-3EDB-4786-8FE5-851105F4516F}
		{C46C266A-8E06-4EDA-A79B-A3AFCC984EC6} = {825035F1-3EDB-4786-8FE5-851105F4516F}
		{A47329B4-2616-416E-84D1-AD704D37F6D1} = {825035F1-3EDB-4786-8FE5-851105F4516F}
	EndGlobalSection
EndGlobal
